
Microsoft Visual Studio Solution File, Format Version 12.00
# Visual Studio Version 16
VisualStudioVersion = 16.0.29411.108
MinimumVisualStudioVersion = 10.0.40219.1
Project("{FAE04EC0-301F-11D3-BF4B-00C04F79EFBC}") = "MyFirstApp", "MyFirstApp\MyFirstApp.csproj", "{77A45CD7-61FD-4295-8BC5-9B6CFFA0C8E8}"
EndProject
Global
	GlobalSection(SolutionConfigurationPlatforms) = preSolution
		Debug|Any CPU = Debug|Any CPU
		Release|Any CPU = Release|Any CPU
	EndGlobalSection
	GlobalSection(ProjectConfigurationPlatforms) = postSolution
		{77A45CD7-61FD-4295-8BC5-9B6CFFA0C8E8}.Debug|Any CPU.ActiveCfg = Debug|Any CPU
		{77A45CD7-61FD-4295-8BC5-9B6CFFA0C8E8}.Debug|Any CPU.Build.0 = Debug|Any CPU
		{77A45CD7-61FD-4295-8BC5-9B6CFFA0C8E8}.Release|Any CPU.ActiveCfg = Release|Any CPU
		{77A45CD7-61FD-4295-8BC5-9B6CFFA0C8E8}.Release|Any CPU.Build.0 = Release|Any CPU
	EndGlobalSection
	GlobalSection(SolutionProperties) = preSolution
		HideSolutionNode = FALSE
	EndGlobalSection
	GlobalSection(ExtensibilityGlobals) = postSolution
		SolutionGuid = {C19DE30D-0425-41B5-BFBC-A6D271BBFEC2}
	EndGlobalSection
EndGlobal
